
Microsoft Visual Studio Solution File, Format Version 12.00
# Visual Studio Version 17
VisualStudioVersion = 17.7.34031.279
MinimumVisualStudioVersion = 10.0.40219.1
Project("{9A19103F-16F7-4668-BE54-9A1E7A4F7556}") = "Ej1", "Ej1\Ej1.csproj", "{BE91B886-A1F7-4C3F-B595-DF4CB49EBB27}"
EndProject
Project("{FAE04EC0-301F-11D3-BF4B-00C04F79EFBC}") = "Ej2", "Ej2\Ej2.csproj", "{F5591F7F-AC9B-428F-A0D5-37991656EB00}"
EndProject
Global
	GlobalSection(SolutionConfigurationPlatforms) = preSolution
		Debug|Any CPU = Debug|Any CPU
		Release|Any CPU = Release|Any CPU
	EndGlobalSection
	GlobalSection(ProjectConfigurationPlatforms) = postSolution
		{BE91B886-A1F7-4C3F-B595-DF4CB49EBB27}.Debug|Any CPU.ActiveCfg = Debug|Any CPU
		{BE91B886-A1F7-4C3F-B595-DF4CB49EBB27}.Debug|Any CPU.Build.0 = Debug|Any CPU
		{BE91B886-A1F7-4C3F-B595-DF4CB49EBB27}.Debug|Any CPU.Deploy.0 = Debug|Any CPU
		{BE91B886-A1F7-4C3F-B595-DF4CB49EBB27}.Release|Any CPU.ActiveCfg = Release|Any CPU
		{BE91B886-A1F7-4C3F-B595-DF4CB49EBB27}.Release|Any CPU.Build.0 = Release|Any CPU
		{BE91B886-A1F7-4C3F-B595-DF4CB49EBB27}.Release|Any CPU.Deploy.0 = Release|Any CPU
		{F5591F7F-AC9B-428F-A0D5-37991656EB00}.Debug|Any CPU.ActiveCfg = Debug|Any CPU
		{F5591F7F-AC9B-428F-A0D5-37991656EB00}.Debug|Any CPU.Build.0 = Debug|Any CPU
		{F5591F7F-AC9B-428F-A0D5-37991656EB00}.Debug|Any CPU.Deploy.0 = Debug|Any CPU
		{F5591F7F-AC9B-428F-A0D5-37991656EB00}.Release|Any CPU.ActiveCfg = Release|Any CPU
		{F5591F7F-AC9B-428F-A0D5-37991656EB00}.Release|Any CPU.Build.0 = Release|Any CPU
		{F5591F7F-AC9B-428F-A0D5-37991656EB00}.Release|Any CPU.Deploy.0 = Release|Any CPU
	EndGlobalSection
	GlobalSection(SolutionProperties) = preSolution
		HideSolutionNode = FALSE
	EndGlobalSection
	GlobalSection(ExtensibilityGlobals) = postSolution
		SolutionGuid = {70BA80B4-9DEF-4286-850F-1BC0C6BAEB16}
	EndGlobalSection
EndGlobal
