
Microsoft Visual Studio Solution File, Format Version 12.00
# Visual Studio Version 17
VisualStudioVersion = 17.7.34031.279
MinimumVisualStudioVersion = 10.0.40219.1
Project("{FAE04EC0-301F-11D3-BF4B-00C04F79EFBC}") = "Ej1", "Ej1\Ej1.csproj", "{B433EE7C-9E02-443F-AD25-E15F31E4B4A5}"
EndProject
Global
	GlobalSection(SolutionConfigurationPlatforms) = preSolution
		Debug|Any CPU = Debug|Any CPU
		Release|Any CPU = Release|Any CPU
	EndGlobalSection
	GlobalSection(ProjectConfigurationPlatforms) = postSolution
		{B433EE7C-9E02-443F-AD25-E15F31E4B4A5}.Debug|Any CPU.ActiveCfg = Debug|Any CPU
		{B433EE7C-9E02-443F-AD25-E15F31E4B4A5}.Debug|Any CPU.Build.0 = Debug|Any CPU
		{B433EE7C-9E02-443F-AD25-E15F31E4B4A5}.Debug|Any CPU.Deploy.0 = Debug|Any CPU
		{B433EE7C-9E02-443F-AD25-E15F31E4B4A5}.Release|Any CPU.ActiveCfg = Release|Any CPU
		{B433EE7C-9E02-443F-AD25-E15F31E4B4A5}.Release|Any CPU.Build.0 = Release|Any CPU
		{B433EE7C-9E02-443F-AD25-E15F31E4B4A5}.Release|Any CPU.Deploy.0 = Release|Any CPU
	EndGlobalSection
	GlobalSection(SolutionProperties) = preSolution
		HideSolutionNode = FALSE
	EndGlobalSection
	GlobalSection(ExtensibilityGlobals) = postSolution
		SolutionGuid = {49C6AA5A-3400-4A53-8D90-E21A382680CD}
	EndGlobalSection
EndGlobal
